
Microsoft Visual Studio Solution File, Format Version 12.00
# Visual Studio 15
VisualStudioVersion = 15.0.28307.757
MinimumVisualStudioVersion = 10.0.40219.1
Project("{9092AA53-FB77-4645-B42D-1CCCA6BD08BD}") = "FontSizeVariables", "FontSizeVariables\FontSizeVariables.njsproj", "{62CB0732-57AD-4E59-97C1-CED1AA9B69EC}"
EndProject
Project("{9092AA53-FB77-4645-B42D-1CCCA6BD08BD}") = "ColourVariables", "ColourVariables\ColourVariables.njsproj", "{2C7E3442-CEFF-4CDB-8188-E2848106E978}"
EndProject
Project("{9092AA53-FB77-4645-B42D-1CCCA6BD08BD}") = "FontFamilyVariables", "FontFamilyVariables\FontFamilyVariables.njsproj", "{92C019B3-58D3-4055-8DA7-1FBBFEB40371}"
EndProject
Project("{9092AA53-FB77-4645-B42D-1CCCA6BD08BD}") = "TypographyVariables", "TypographyVariables\TypographyVariables.njsproj", "{10C08F68-43CF-4D8F-8D8C-0B8D73523014}"
EndProject
Global
	GlobalSection(SolutionConfigurationPlatforms) = preSolution
		Debug|Any CPU = Debug|Any CPU
		Release|Any CPU = Release|Any CPU
	EndGlobalSection
	GlobalSection(ProjectConfigurationPlatforms) = postSolution
		{62CB0732-57AD-4E59-97C1-CED1AA9B69EC}.Debug|Any CPU.ActiveCfg = Debug|Any CPU
		{62CB0732-57AD-4E59-97C1-CED1AA9B69EC}.Debug|Any CPU.Build.0 = Debug|Any CPU
		{62CB0732-57AD-4E59-97C1-CED1AA9B69EC}.Release|Any CPU.ActiveCfg = Release|Any CPU
		{62CB0732-57AD-4E59-97C1-CED1AA9B69EC}.Release|Any CPU.Build.0 = Release|Any CPU
		{2C7E3442-CEFF-4CDB-8188-E2848106E978}.Debug|Any CPU.ActiveCfg = Debug|Any CPU
		{2C7E3442-CEFF-4CDB-8188-E2848106E978}.Debug|Any CPU.Build.0 = Debug|Any CPU
		{2C7E3442-CEFF-4CDB-8188-E2848106E978}.Release|Any CPU.ActiveCfg = Release|Any CPU
		{2C7E3442-CEFF-4CDB-8188-E2848106E978}.Release|Any CPU.Build.0 = Release|Any CPU
		{92C019B3-58D3-4055-8DA7-1FBBFEB40371}.Debug|Any CPU.ActiveCfg = Debug|Any CPU
		{92C019B3-58D3-4055-8DA7-1FBBFEB40371}.Debug|Any CPU.Build.0 = Debug|Any CPU
		{92C019B3-58D3-4055-8DA7-1FBBFEB40371}.Release|Any CPU.ActiveCfg = Release|Any CPU
		{92C019B3-58D3-4055-8DA7-1FBBFEB40371}.Release|Any CPU.Build.0 = Release|Any CPU
		{10C08F68-43CF-4D8F-8D8C-0B8D73523014}.Debug|Any CPU.ActiveCfg = Debug|Any CPU
		{10C08F68-43CF-4D8F-8D8C-0B8D73523014}.Debug|Any CPU.Build.0 = Debug|Any CPU
		{10C08F68-43CF-4D8F-8D8C-0B8D73523014}.Release|Any CPU.ActiveCfg = Release|Any CPU
		{10C08F68-43CF-4D8F-8D8C-0B8D73523014}.Release|Any CPU.Build.0 = Release|Any CPU
	EndGlobalSection
	GlobalSection(SolutionProperties) = preSolution
		HideSolutionNode = FALSE
	EndGlobalSection
	GlobalSection(ExtensibilityGlobals) = postSolution
		SolutionGuid = {9A1BEE1B-D78D-4EA3-B9F3-F6AFB212E4AB}
	EndGlobalSection
EndGlobal
