
Microsoft Visual Studio Solution File, Format Version 12.00
# Visual Studio 15
VisualStudioVersion = 15.0.28307.757
MinimumVisualStudioVersion = 10.0.40219.1
Project("{9092AA53-FB77-4645-B42D-1CCCA6BD08BD}") = "SimpleGrid", "SimpleGrid\SimpleGrid.njsproj", "{178B4E01-80E8-4E85-8553-847E195A0F66}"
EndProject
Project("{9092AA53-FB77-4645-B42D-1CCCA6BD08BD}") = "BasicBlogGridLayout", "BasicBlogGridLayout\BasicBlogGridLayout.njsproj", "{B7A65693-6B07-4B86-91E2-E15FE265ABF6}"
EndProject
Project("{9092AA53-FB77-4645-B42D-1CCCA6BD08BD}") = "NamedGridAreas", "NamedGridAreas\NamedGridAreas.njsproj", "{1391FB60-3579-4E08-B1C6-070A87D7A80D}"
EndProject
Project("{9092AA53-FB77-4645-B42D-1CCCA6BD08BD}") = "GridAreasMediaQueries", "GridAreasMediaQueries\GridAreasMediaQueries.njsproj", "{D24961AC-B4A3-494E-9668-0ECE41A30F6C}"
EndProject
Project("{9092AA53-FB77-4645-B42D-1CCCA6BD08BD}") = "ColourfulStatisticDiagram", "ColourfulStatisticDiagram\ColourfulStatisticDiagram.njsproj", "{735563B1-D6DC-4712-A3B6-3D49273611AD}"
EndProject
Project("{9092AA53-FB77-4645-B42D-1CCCA6BD08BD}") = "GridChessBoard", "GridChessBoard\GridChessBoard.njsproj", "{5F463BE9-BE42-46E2-B05F-F5A618C512BF}"
EndProject
Project("{9092AA53-FB77-4645-B42D-1CCCA6BD08BD}") = "GridGallery", "GridGallery\GridGallery.njsproj", "{501B83E5-FA6B-4164-835B-5D3B4C6F80F9}"
EndProject
Global
	GlobalSection(SolutionConfigurationPlatforms) = preSolution
		Debug|Any CPU = Debug|Any CPU
		Release|Any CPU = Release|Any CPU
	EndGlobalSection
	GlobalSection(ProjectConfigurationPlatforms) = postSolution
		{178B4E01-80E8-4E85-8553-847E195A0F66}.Debug|Any CPU.ActiveCfg = Debug|Any CPU
		{178B4E01-80E8-4E85-8553-847E195A0F66}.Debug|Any CPU.Build.0 = Debug|Any CPU
		{178B4E01-80E8-4E85-8553-847E195A0F66}.Release|Any CPU.ActiveCfg = Release|Any CPU
		{178B4E01-80E8-4E85-8553-847E195A0F66}.Release|Any CPU.Build.0 = Release|Any CPU
		{B7A65693-6B07-4B86-91E2-E15FE265ABF6}.Debug|Any CPU.ActiveCfg = Debug|Any CPU
		{B7A65693-6B07-4B86-91E2-E15FE265ABF6}.Debug|Any CPU.Build.0 = Debug|Any CPU
		{B7A65693-6B07-4B86-91E2-E15FE265ABF6}.Release|Any CPU.ActiveCfg = Release|Any CPU
		{B7A65693-6B07-4B86-91E2-E15FE265ABF6}.Release|Any CPU.Build.0 = Release|Any CPU
		{1391FB60-3579-4E08-B1C6-070A87D7A80D}.Debug|Any CPU.ActiveCfg = Debug|Any CPU
		{1391FB60-3579-4E08-B1C6-070A87D7A80D}.Debug|Any CPU.Build.0 = Debug|Any CPU
		{1391FB60-3579-4E08-B1C6-070A87D7A80D}.Release|Any CPU.ActiveCfg = Release|Any CPU
		{1391FB60-3579-4E08-B1C6-070A87D7A80D}.Release|Any CPU.Build.0 = Release|Any CPU
		{D24961AC-B4A3-494E-9668-0ECE41A30F6C}.Debug|Any CPU.ActiveCfg = Debug|Any CPU
		{D24961AC-B4A3-494E-9668-0ECE41A30F6C}.Debug|Any CPU.Build.0 = Debug|Any CPU
		{D24961AC-B4A3-494E-9668-0ECE41A30F6C}.Release|Any CPU.ActiveCfg = Release|Any CPU
		{D24961AC-B4A3-494E-9668-0ECE41A30F6C}.Release|Any CPU.Build.0 = Release|Any CPU
		{735563B1-D6DC-4712-A3B6-3D49273611AD}.Debug|Any CPU.ActiveCfg = Debug|Any CPU
		{735563B1-D6DC-4712-A3B6-3D49273611AD}.Debug|Any CPU.Build.0 = Debug|Any CPU
		{735563B1-D6DC-4712-A3B6-3D49273611AD}.Release|Any CPU.ActiveCfg = Release|Any CPU
		{735563B1-D6DC-4712-A3B6-3D49273611AD}.Release|Any CPU.Build.0 = Release|Any CPU
		{5F463BE9-BE42-46E2-B05F-F5A618C512BF}.Debug|Any CPU.ActiveCfg = Debug|Any CPU
		{5F463BE9-BE42-46E2-B05F-F5A618C512BF}.Debug|Any CPU.Build.0 = Debug|Any CPU
		{5F463BE9-BE42-46E2-B05F-F5A618C512BF}.Release|Any CPU.ActiveCfg = Release|Any CPU
		{5F463BE9-BE42-46E2-B05F-F5A618C512BF}.Release|Any CPU.Build.0 = Release|Any CPU
		{501B83E5-FA6B-4164-835B-5D3B4C6F80F9}.Debug|Any CPU.ActiveCfg = Debug|Any CPU
		{501B83E5-FA6B-4164-835B-5D3B4C6F80F9}.Debug|Any CPU.Build.0 = Debug|Any CPU
		{501B83E5-FA6B-4164-835B-5D3B4C6F80F9}.Release|Any CPU.ActiveCfg = Release|Any CPU
		{501B83E5-FA6B-4164-835B-5D3B4C6F80F9}.Release|Any CPU.Build.0 = Release|Any CPU
	EndGlobalSection
	GlobalSection(SolutionProperties) = preSolution
		HideSolutionNode = FALSE
	EndGlobalSection
	GlobalSection(ExtensibilityGlobals) = postSolution
		SolutionGuid = {55AEA4AB-A374-4F21-9CC2-8CC76A1FC2B6}
	EndGlobalSection
EndGlobal
