
Microsoft Visual Studio Solution File, Format Version 12.00
# Visual Studio 15
VisualStudioVersion = 15.0.28307.757
MinimumVisualStudioVersion = 10.0.40219.1
Project("{9092AA53-FB77-4645-B42D-1CCCA6BD08BD}") = "Interpolation", "Interpolation\Interpolation.njsproj", "{2ADAF3F5-2FD0-47F9-9FCF-2D65B222314A}"
EndProject
Project("{9092AA53-FB77-4645-B42D-1CCCA6BD08BD}") = "ParentSelector", "ParentSelector\ParentSelector.njsproj", "{093D6611-E6E1-4012-9BE2-B4A8DA7164F1}"
EndProject
Project("{9092AA53-FB77-4645-B42D-1CCCA6BD08BD}") = "MediaQueries", "MediaQueries\MediaQueries.njsproj", "{0992A03D-41B6-4450-BB4B-924F2374BD00}"
EndProject
Global
	GlobalSection(SolutionConfigurationPlatforms) = preSolution
		Debug|Any CPU = Debug|Any CPU
		Release|Any CPU = Release|Any CPU
	EndGlobalSection
	GlobalSection(ProjectConfigurationPlatforms) = postSolution
		{2ADAF3F5-2FD0-47F9-9FCF-2D65B222314A}.Debug|Any CPU.ActiveCfg = Debug|Any CPU
		{2ADAF3F5-2FD0-47F9-9FCF-2D65B222314A}.Debug|Any CPU.Build.0 = Debug|Any CPU
		{2ADAF3F5-2FD0-47F9-9FCF-2D65B222314A}.Release|Any CPU.ActiveCfg = Release|Any CPU
		{2ADAF3F5-2FD0-47F9-9FCF-2D65B222314A}.Release|Any CPU.Build.0 = Release|Any CPU
		{093D6611-E6E1-4012-9BE2-B4A8DA7164F1}.Debug|Any CPU.ActiveCfg = Debug|Any CPU
		{093D6611-E6E1-4012-9BE2-B4A8DA7164F1}.Debug|Any CPU.Build.0 = Debug|Any CPU
		{093D6611-E6E1-4012-9BE2-B4A8DA7164F1}.Release|Any CPU.ActiveCfg = Release|Any CPU
		{093D6611-E6E1-4012-9BE2-B4A8DA7164F1}.Release|Any CPU.Build.0 = Release|Any CPU
		{0992A03D-41B6-4450-BB4B-924F2374BD00}.Debug|Any CPU.ActiveCfg = Debug|Any CPU
		{0992A03D-41B6-4450-BB4B-924F2374BD00}.Debug|Any CPU.Build.0 = Debug|Any CPU
		{0992A03D-41B6-4450-BB4B-924F2374BD00}.Release|Any CPU.ActiveCfg = Release|Any CPU
		{0992A03D-41B6-4450-BB4B-924F2374BD00}.Release|Any CPU.Build.0 = Release|Any CPU
	EndGlobalSection
	GlobalSection(SolutionProperties) = preSolution
		HideSolutionNode = FALSE
	EndGlobalSection
	GlobalSection(ExtensibilityGlobals) = postSolution
		SolutionGuid = {B9CC4EE9-80E9-48B5-87AE-956875DE97F3}
	EndGlobalSection
EndGlobal
